// !$*UTF8*$!
{
	archiveVersion = 1;
	classes = {
	};
	objectVersion = 50;
	objects = {

/* Begin PBXBuildFile section */
		422CFEE761593634AF88611A /* Pods_BlogApps.framework in Frameworks */ = {isa = PBXBuildFile; fileRef = 871068EB6CC49F9081207F26 /* Pods_BlogApps.framework */; };
		829F6CAF6993088AB3323C1E /* Pods_BlogAppsTests.framework in Frameworks */ = {isa = PBXBuildFile; fileRef = 538164104534A52343DEC37A /* Pods_BlogAppsTests.framework */; };
		AE2A255527B788E300D87FD9 /* ReusableView.swift in Sources */ = {isa = PBXBuildFile; fileRef = AE2A255427B788E300D87FD9 /* ReusableView.swift */; };
		AE2A255E27B7900800D87FD9 /* BlogPostTableViewCell.swift in Sources */ = {isa = PBXBuildFile; fileRef = AE2A255C27B7900800D87FD9 /* BlogPostTableViewCell.swift */; };
		AE2A255F27B7900800D87FD9 /* BlogPostTableViewCell.xib in Resources */ = {isa = PBXBuildFile; fileRef = AE2A255D27B7900800D87FD9 /* BlogPostTableViewCell.xib */; };
		AED5915527B651C3006EA3CB /* AppDelegate.swift in Sources */ = {isa = PBXBuildFile; fileRef = AED5915427B651C3006EA3CB /* AppDelegate.swift */; };
		AED5915927B651C3006EA3CB /* ViewController.swift in Sources */ = {isa = PBXBuildFile; fileRef = AED5915827B651C3006EA3CB /* ViewController.swift */; };
		AED5915E27B651C6006EA3CB /* Assets.xcassets in Resources */ = {isa = PBXBuildFile; fileRef = AED5915D27B651C6006EA3CB /* Assets.xcassets */; };
		AED5916127B651C6006EA3CB /* LaunchScreen.storyboard in Resources */ = {isa = PBXBuildFile; fileRef = AED5915F27B651C6006EA3CB /* LaunchScreen.storyboard */; };
		AED5916C27B651C6006EA3CB /* BlogAppsTests.swift in Sources */ = {isa = PBXBuildFile; fileRef = AED5916B27B651C6006EA3CB /* BlogAppsTests.swift */; };
		AED5917727B651C6006EA3CB /* BlogAppsUITests.swift in Sources */ = {isa = PBXBuildFile; fileRef = AED5917627B651C6006EA3CB /* BlogAppsUITests.swift */; };
		AED5919427B658B2006EA3CB /* ListPostViewController.swift in Sources */ = {isa = PBXBuildFile; fileRef = AED5919227B658B2006EA3CB /* ListPostViewController.swift */; };
		AED5919527B658B2006EA3CB /* ListPostViewController.xib in Resources */ = {isa = PBXBuildFile; fileRef = AED5919327B658B2006EA3CB /* ListPostViewController.xib */; };
		AED591A927B65A71006EA3CB /* BlogPostMoyaTarget.swift in Sources */ = {isa = PBXBuildFile; fileRef = AED591A827B65A71006EA3CB /* BlogPostMoyaTarget.swift */; };
		AED591AF27B65AA9006EA3CB /* Alamofire.framework in Frameworks */ = {isa = PBXBuildFile; fileRef = AED591AD27B65AA9006EA3CB /* Alamofire.framework */; };
		AED591B127B65AA9006EA3CB /* Moya.framework in Frameworks */ = {isa = PBXBuildFile; fileRef = AED591AE27B65AA9006EA3CB /* Moya.framework */; };
		AED591EC27B6AA32006EA3CB /* Post.swift in Sources */ = {isa = PBXBuildFile; fileRef = AED591EB27B6AA32006EA3CB /* Post.swift */; };
		AED591F127B6AAE2006EA3CB /* NewPostParam.swift in Sources */ = {isa = PBXBuildFile; fileRef = AED591F027B6AAE2006EA3CB /* NewPostParam.swift */; };
		AED591F927B6AB76006EA3CB /* BlogPostNetworkModel.swift in Sources */ = {isa = PBXBuildFile; fileRef = AED591F827B6AB76006EA3CB /* BlogPostNetworkModel.swift */; };
		AED5920127B6AD44006EA3CB /* BlogPostDefaultNetworkModel.swift in Sources */ = {isa = PBXBuildFile; fileRef = AED5920027B6AD44006EA3CB /* BlogPostDefaultNetworkModel.swift */; };
		AED5920D27B6B046006EA3CB /* MoyaProvider.swift in Sources */ = {isa = PBXBuildFile; fileRef = AED5920C27B6B046006EA3CB /* MoyaProvider.swift */; };
		AED5921627B6B080006EA3CB /* RequestManager.swift in Sources */ = {isa = PBXBuildFile; fileRef = AED5921527B6B080006EA3CB /* RequestManager.swift */; };
		AED5921E27B6B10D006EA3CB /* NetworkError.swift in Sources */ = {isa = PBXBuildFile; fileRef = AED5921D27B6B10D006EA3CB /* NetworkError.swift */; };
		AED5922327B74066006EA3CB /* Observable.swift in Sources */ = {isa = PBXBuildFile; fileRef = AED5922227B74066006EA3CB /* Observable.swift */; };
		AED5922827B740BD006EA3CB /* OptionalType.swift in Sources */ = {isa = PBXBuildFile; fileRef = AED5922727B740BD006EA3CB /* OptionalType.swift */; };
		AED5924727B748F4006EA3CB /* ResponseData.swift in Sources */ = {isa = PBXBuildFile; fileRef = AED5924627B748F4006EA3CB /* ResponseData.swift */; };
		AF845D2A67EF6D526F24DA3C /* Pods_BlogAppsUITests.framework in Frameworks */ = {isa = PBXBuildFile; fileRef = E25D39DF540F8C113DA06D8F /* Pods_BlogAppsUITests.framework */; };
/* End PBXBuildFile section */

/* Begin PBXContainerItemProxy section */
		AED5916827B651C6006EA3CB /* PBXContainerItemProxy */ = {
			isa = PBXContainerItemProxy;
			containerPortal = AED5914927B651C3006EA3CB /* Project object */;
			proxyType = 1;
			remoteGlobalIDString = AED5915027B651C3006EA3CB;
			remoteInfo = BlogApps;
		};
		AED5917327B651C6006EA3CB /* PBXContainerItemProxy */ = {
			isa = PBXContainerItemProxy;
			containerPortal = AED5914927B651C3006EA3CB /* Project object */;
			proxyType = 1;
			remoteGlobalIDString = AED5915027B651C3006EA3CB;
			remoteInfo = BlogApps;
		};
/* End PBXContainerItemProxy section */

/* Begin PBXFileReference section */
		07723E502FDCE99502D98D1C /* Pods-BlogAppsTests.release.xcconfig */ = {isa = PBXFileReference; includeInIndex = 1; lastKnownFileType = text.xcconfig; name = "Pods-BlogAppsTests.release.xcconfig"; path = "Pods/Target Support Files/Pods-BlogAppsTests/Pods-BlogAppsTests.release.xcconfig"; sourceTree = "<group>"; };
		538164104534A52343DEC37A /* Pods_BlogAppsTests.framework */ = {isa = PBXFileReference; explicitFileType = wrapper.framework; includeInIndex = 0; path = Pods_BlogAppsTests.framework; sourceTree = BUILT_PRODUCTS_DIR; };
		6DA4EC475FF013096806C2F6 /* Pods-BlogApps.debug.xcconfig */ = {isa = PBXFileReference; includeInIndex = 1; lastKnownFileType = text.xcconfig; name = "Pods-BlogApps.debug.xcconfig"; path = "Pods/Target Support Files/Pods-BlogApps/Pods-BlogApps.debug.xcconfig"; sourceTree = "<group>"; };
		781C5745042F3DBE0E02B22A /* Pods-BlogAppsUITests.release.xcconfig */ = {isa = PBXFileReference; includeInIndex = 1; lastKnownFileType = text.xcconfig; name = "Pods-BlogAppsUITests.release.xcconfig"; path = "Pods/Target Support Files/Pods-BlogAppsUITests/Pods-BlogAppsUITests.release.xcconfig"; sourceTree = "<group>"; };
		871068EB6CC49F9081207F26 /* Pods_BlogApps.framework */ = {isa = PBXFileReference; explicitFileType = wrapper.framework; includeInIndex = 0; path = Pods_BlogApps.framework; sourceTree = BUILT_PRODUCTS_DIR; };
		A14F26CAD8E5C93166F271A6 /* Pods-BlogApps.release.xcconfig */ = {isa = PBXFileReference; includeInIndex = 1; lastKnownFileType = text.xcconfig; name = "Pods-BlogApps.release.xcconfig"; path = "Pods/Target Support Files/Pods-BlogApps/Pods-BlogApps.release.xcconfig"; sourceTree = "<group>"; };
		AE2A255427B788E300D87FD9 /* ReusableView.swift */ = {isa = PBXFileReference; lastKnownFileType = sourcecode.swift; path = ReusableView.swift; sourceTree = "<group>"; };
		AE2A255C27B7900800D87FD9 /* BlogPostTableViewCell.swift */ = {isa = PBXFileReference; lastKnownFileType = sourcecode.swift; path = BlogPostTableViewCell.swift; sourceTree = "<group>"; };
		AE2A255D27B7900800D87FD9 /* BlogPostTableViewCell.xib */ = {isa = PBXFileReference; lastKnownFileType = file.xib; path = BlogPostTableViewCell.xib; sourceTree = "<group>"; };
		AED5915127B651C3006EA3CB /* BlogApps.app */ = {isa = PBXFileReference; explicitFileType = wrapper.application; includeInIndex = 0; path = BlogApps.app; sourceTree = BUILT_PRODUCTS_DIR; };
		AED5915427B651C3006EA3CB /* AppDelegate.swift */ = {isa = PBXFileReference; lastKnownFileType = sourcecode.swift; path = AppDelegate.swift; sourceTree = "<group>"; };
		AED5915827B651C3006EA3CB /* ViewController.swift */ = {isa = PBXFileReference; lastKnownFileType = sourcecode.swift; path = ViewController.swift; sourceTree = "<group>"; };
		AED5915D27B651C6006EA3CB /* Assets.xcassets */ = {isa = PBXFileReference; lastKnownFileType = folder.assetcatalog; path = Assets.xcassets; sourceTree = "<group>"; };
		AED5916027B651C6006EA3CB /* Base */ = {isa = PBXFileReference; lastKnownFileType = file.storyboard; name = Base; path = Base.lproj/LaunchScreen.storyboard; sourceTree = "<group>"; };
		AED5916227B651C6006EA3CB /* Info.plist */ = {isa = PBXFileReference; lastKnownFileType = text.plist.xml; path = Info.plist; sourceTree = "<group>"; };
		AED5916727B651C6006EA3CB /* BlogAppsTests.xctest */ = {isa = PBXFileReference; explicitFileType = wrapper.cfbundle; includeInIndex = 0; path = BlogAppsTests.xctest; sourceTree = BUILT_PRODUCTS_DIR; };
		AED5916B27B651C6006EA3CB /* BlogAppsTests.swift */ = {isa = PBXFileReference; lastKnownFileType = sourcecode.swift; path = BlogAppsTests.swift; sourceTree = "<group>"; };
		AED5916D27B651C6006EA3CB /* Info.plist */ = {isa = PBXFileReference; lastKnownFileType = text.plist.xml; path = Info.plist; sourceTree = "<group>"; };
		AED5917227B651C6006EA3CB /* BlogAppsUITests.xctest */ = {isa = PBXFileReference; explicitFileType = wrapper.cfbundle; includeInIndex = 0; path = BlogAppsUITests.xctest; sourceTree = BUILT_PRODUCTS_DIR; };
		AED5917627B651C6006EA3CB /* BlogAppsUITests.swift */ = {isa = PBXFileReference; lastKnownFileType = sourcecode.swift; path = BlogAppsUITests.swift; sourceTree = "<group>"; };
		AED5917827B651C6006EA3CB /* Info.plist */ = {isa = PBXFileReference; lastKnownFileType = text.plist.xml; path = Info.plist; sourceTree = "<group>"; };
		AED5919227B658B2006EA3CB /* ListPostViewController.swift */ = {isa = PBXFileReference; lastKnownFileType = sourcecode.swift; path = ListPostViewController.swift; sourceTree = "<group>"; };
		AED5919327B658B2006EA3CB /* ListPostViewController.xib */ = {isa = PBXFileReference; lastKnownFileType = file.xib; path = ListPostViewController.xib; sourceTree = "<group>"; };
		AED591A827B65A71006EA3CB /* BlogPostMoyaTarget.swift */ = {isa = PBXFileReference; lastKnownFileType = sourcecode.swift; path = BlogPostMoyaTarget.swift; sourceTree = "<group>"; };
		AED591AD27B65AA9006EA3CB /* Alamofire.framework */ = {isa = PBXFileReference; explicitFileType = wrapper.framework; path = Alamofire.framework; sourceTree = BUILT_PRODUCTS_DIR; };
		AED591AE27B65AA9006EA3CB /* Moya.framework */ = {isa = PBXFileReference; explicitFileType = wrapper.framework; path = Moya.framework; sourceTree = BUILT_PRODUCTS_DIR; };
		AED591EB27B6AA32006EA3CB /* Post.swift */ = {isa = PBXFileReference; lastKnownFileType = sourcecode.swift; path = Post.swift; sourceTree = "<group>"; };
		AED591F027B6AAE2006EA3CB /* NewPostParam.swift */ = {isa = PBXFileReference; lastKnownFileType = sourcecode.swift; path = NewPostParam.swift; sourceTree = "<group>"; };
		AED591F827B6AB76006EA3CB /* BlogPostNetworkModel.swift */ = {isa = PBXFileReference; lastKnownFileType = sourcecode.swift; path = BlogPostNetworkModel.swift; sourceTree = "<group>"; };
		AED5920027B6AD44006EA3CB /* BlogPostDefaultNetworkModel.swift */ = {isa = PBXFileReference; lastKnownFileType = sourcecode.swift; path = BlogPostDefaultNetworkModel.swift; sourceTree = "<group>"; };
		AED5920C27B6B046006EA3CB /* MoyaProvider.swift */ = {isa = PBXFileReference; lastKnownFileType = sourcecode.swift; path = MoyaProvider.swift; sourceTree = "<group>"; };
		AED5921527B6B080006EA3CB /* RequestManager.swift */ = {isa = PBXFileReference; lastKnownFileType = sourcecode.swift; path = RequestManager.swift; sourceTree = "<group>"; };
		AED5921D27B6B10D006EA3CB /* NetworkError.swift */ = {isa = PBXFileReference; lastKnownFileType = sourcecode.swift; path = NetworkError.swift; sourceTree = "<group>"; };
		AED5922227B74066006EA3CB /* Observable.swift */ = {isa = PBXFileReference; lastKnownFileType = sourcecode.swift; path = Observable.swift; sourceTree = "<group>"; };
		AED5922727B740BD006EA3CB /* OptionalType.swift */ = {isa = PBXFileReference; lastKnownFileType = sourcecode.swift; path = OptionalType.swift; sourceTree = "<group>"; };
		AED5924627B748F4006EA3CB /* ResponseData.swift */ = {isa = PBXFileReference; lastKnownFileType = sourcecode.swift; path = ResponseData.swift; sourceTree = "<group>"; };
		D16C7849DEE3F1700B97E9B7 /* Pods-BlogAppsTests.debug.xcconfig */ = {isa = PBXFileReference; includeInIndex = 1; lastKnownFileType = text.xcconfig; name = "Pods-BlogAppsTests.debug.xcconfig"; path = "Pods/Target Support Files/Pods-BlogAppsTests/Pods-BlogAppsTests.debug.xcconfig"; sourceTree = "<group>"; };
		E25D39DF540F8C113DA06D8F /* Pods_BlogAppsUITests.framework */ = {isa = PBXFileReference; explicitFileType = wrapper.framework; includeInIndex = 0; path = Pods_BlogAppsUITests.framework; sourceTree = BUILT_PRODUCTS_DIR; };
		E5B68298E81A75F4D5EB0D95 /* Pods-BlogAppsUITests.debug.xcconfig */ = {isa = PBXFileReference; includeInIndex = 1; lastKnownFileType = text.xcconfig; name = "Pods-BlogAppsUITests.debug.xcconfig"; path = "Pods/Target Support Files/Pods-BlogAppsUITests/Pods-BlogAppsUITests.debug.xcconfig"; sourceTree = "<group>"; };
/* End PBXFileReference section */

/* Begin PBXFrameworksBuildPhase section */
		AED5914E27B651C3006EA3CB /* Frameworks */ = {
			isa = PBXFrameworksBuildPhase;
			buildActionMask = 2147483647;
			files = (
				422CFEE761593634AF88611A /* Pods_BlogApps.framework in Frameworks */,
				AED591B127B65AA9006EA3CB /* Moya.framework in Frameworks */,
				AED591AF27B65AA9006EA3CB /* Alamofire.framework in Frameworks */,
			);
			runOnlyForDeploymentPostprocessing = 0;
		};
		AED5916427B651C6006EA3CB /* Frameworks */ = {
			isa = PBXFrameworksBuildPhase;
			buildActionMask = 2147483647;
			files = (
				829F6CAF6993088AB3323C1E /* Pods_BlogAppsTests.framework in Frameworks */,
			);
			runOnlyForDeploymentPostprocessing = 0;
		};
		AED5916F27B651C6006EA3CB /* Frameworks */ = {
			isa = PBXFrameworksBuildPhase;
			buildActionMask = 2147483647;
			files = (
				AF845D2A67EF6D526F24DA3C /* Pods_BlogAppsUITests.framework in Frameworks */,
			);
			runOnlyForDeploymentPostprocessing = 0;
		};
/* End PBXFrameworksBuildPhase section */

/* Begin PBXGroup section */
		7FAA125F0D0AFBE56FAD1A0D /* Pods */ = {
			isa = PBXGroup;
			children = (
				6DA4EC475FF013096806C2F6 /* Pods-BlogApps.debug.xcconfig */,
				A14F26CAD8E5C93166F271A6 /* Pods-BlogApps.release.xcconfig */,
				D16C7849DEE3F1700B97E9B7 /* Pods-BlogAppsTests.debug.xcconfig */,
				07723E502FDCE99502D98D1C /* Pods-BlogAppsTests.release.xcconfig */,
				E5B68298E81A75F4D5EB0D95 /* Pods-BlogAppsUITests.debug.xcconfig */,
				781C5745042F3DBE0E02B22A /* Pods-BlogAppsUITests.release.xcconfig */,
			);
			name = Pods;
			sourceTree = "<group>";
		};
		AED5914827B651C3006EA3CB = {
			isa = PBXGroup;
			children = (
				AED5915327B651C3006EA3CB /* BlogApps */,
				AED5916A27B651C6006EA3CB /* BlogAppsTests */,
				AED5917527B651C6006EA3CB /* BlogAppsUITests */,
				AED5915227B651C3006EA3CB /* Products */,
				7FAA125F0D0AFBE56FAD1A0D /* Pods */,
				BD57346AC5240597F81C856B /* Frameworks */,
			);
			sourceTree = "<group>";
		};
		AED5915227B651C3006EA3CB /* Products */ = {
			isa = PBXGroup;
			children = (
				AED5915127B651C3006EA3CB /* BlogApps.app */,
				AED5916727B651C6006EA3CB /* BlogAppsTests.xctest */,
				AED5917227B651C6006EA3CB /* BlogAppsUITests.xctest */,
			);
			name = Products;
			sourceTree = "<group>";
		};
		AED5915327B651C3006EA3CB /* BlogApps */ = {
			isa = PBXGroup;
			children = (
				AED591A727B65A52006EA3CB /* Network */,
				AED5919027B65892006EA3CB /* UI */,
				AED5915427B651C3006EA3CB /* AppDelegate.swift */,
				AED5915827B651C3006EA3CB /* ViewController.swift */,
				AED5915D27B651C6006EA3CB /* Assets.xcassets */,
				AED5915F27B651C6006EA3CB /* LaunchScreen.storyboard */,
				AED5916227B651C6006EA3CB /* Info.plist */,
			);
			path = BlogApps;
			sourceTree = "<group>";
		};
		AED5916A27B651C6006EA3CB /* BlogAppsTests */ = {
			isa = PBXGroup;
			children = (
				AED5916B27B651C6006EA3CB /* BlogAppsTests.swift */,
				AED5916D27B651C6006EA3CB /* Info.plist */,
			);
			path = BlogAppsTests;
			sourceTree = "<group>";
		};
		AED5917527B651C6006EA3CB /* BlogAppsUITests */ = {
			isa = PBXGroup;
			children = (
				AED5917627B651C6006EA3CB /* BlogAppsUITests.swift */,
				AED5917827B651C6006EA3CB /* Info.plist */,
			);
			path = BlogAppsUITests;
			sourceTree = "<group>";
		};
		AED5919027B65892006EA3CB /* UI */ = {
			isa = PBXGroup;
			children = (
				AED5919127B6589C006EA3CB /* ListPost */,
			);
			path = UI;
			sourceTree = "<group>";
		};
		AED5919127B6589C006EA3CB /* ListPost */ = {
			isa = PBXGroup;
			children = (
				AED5919227B658B2006EA3CB /* ListPostViewController.swift */,
				AED5919327B658B2006EA3CB /* ListPostViewController.xib */,
				AE2A255C27B7900800D87FD9 /* BlogPostTableViewCell.swift */,
				AE2A255D27B7900800D87FD9 /* BlogPostTableViewCell.xib */,
			);
			path = ListPost;
			sourceTree = "<group>";
		};
		AED591A727B65A52006EA3CB /* Network */ = {
			isa = PBXGroup;
			children = (
				AED5921427B6B075006EA3CB /* Core */,
				AED5920B27B6ADBF006EA3CB /* extension */,
				AED591EA27B6AA25006EA3CB /* Entity */,
				AED591A827B65A71006EA3CB /* BlogPostMoyaTarget.swift */,
				AED591F827B6AB76006EA3CB /* BlogPostNetworkModel.swift */,
				AED5920027B6AD44006EA3CB /* BlogPostDefaultNetworkModel.swift */,
			);
			path = Network;
			sourceTree = "<group>";
		};
		AED591EA27B6AA25006EA3CB /* Entity */ = {
			isa = PBXGroup;
			children = (
				AED591EB27B6AA32006EA3CB /* Post.swift */,
				AED591F027B6AAE2006EA3CB /* NewPostParam.swift */,
				AED5922227B74066006EA3CB /* Observable.swift */,
				AED5922727B740BD006EA3CB /* OptionalType.swift */,
				AED5924627B748F4006EA3CB /* ResponseData.swift */,
			);
			path = Entity;
			sourceTree = "<group>";
		};
		AED5920B27B6ADBF006EA3CB /* extension */ = {
			isa = PBXGroup;
			children = (
				AED5920C27B6B046006EA3CB /* MoyaProvider.swift */,
				AE2A255427B788E300D87FD9 /* ReusableView.swift */,
			);
			path = extension;
			sourceTree = "<group>";
		};
		AED5921427B6B075006EA3CB /* Core */ = {
			isa = PBXGroup;
			children = (
				AED5921527B6B080006EA3CB /* RequestManager.swift */,
				AED5921D27B6B10D006EA3CB /* NetworkError.swift */,
			);
			path = Core;
			sourceTree = "<group>";
		};
		BD57346AC5240597F81C856B /* Frameworks */ = {
			isa = PBXGroup;
			children = (
				AED591AD27B65AA9006EA3CB /* Alamofire.framework */,
				AED591AE27B65AA9006EA3CB /* Moya.framework */,
				871068EB6CC49F9081207F26 /* Pods_BlogApps.framework */,
				538164104534A52343DEC37A /* Pods_BlogAppsTests.framework */,
				E25D39DF540F8C113DA06D8F /* Pods_BlogAppsUITests.framework */,
			);
			name = Frameworks;
			sourceTree = "<group>";
		};
/* End PBXGroup section */

/* Begin PBXNativeTarget section */
		AED5915027B651C3006EA3CB /* BlogApps */ = {
			isa = PBXNativeTarget;
			buildConfigurationList = AED5917B27B651C6006EA3CB /* Build configuration list for PBXNativeTarget "BlogApps" */;
			buildPhases = (
				E4B9F78FFFE659DB1C9AC55C /* [CP] Check Pods Manifest.lock */,
				AED5914D27B651C3006EA3CB /* Sources */,
				AED5914E27B651C3006EA3CB /* Frameworks */,
				AED5914F27B651C3006EA3CB /* Resources */,
				597E1AE0B6DD186F8EE9E710 /* [CP] Embed Pods Frameworks */,
			);
			buildRules = (
			);
			dependencies = (
			);
			name = BlogApps;
			productName = BlogApps;
			productReference = AED5915127B651C3006EA3CB /* BlogApps.app */;
			productType = "com.apple.product-type.application";
		};
		AED5916627B651C6006EA3CB /* BlogAppsTests */ = {
			isa = PBXNativeTarget;
			buildConfigurationList = AED5917E27B651C6006EA3CB /* Build configuration list for PBXNativeTarget "BlogAppsTests" */;
			buildPhases = (
				7611041CAD5A70EC63CC28C3 /* [CP] Check Pods Manifest.lock */,
				AED5916327B651C6006EA3CB /* Sources */,
				AED5916427B651C6006EA3CB /* Frameworks */,
				AED5916527B651C6006EA3CB /* Resources */,
			);
			buildRules = (
			);
			dependencies = (
				AED5916927B651C6006EA3CB /* PBXTargetDependency */,
			);
			name = BlogAppsTests;
			productName = BlogAppsTests;
			productReference = AED5916727B651C6006EA3CB /* BlogAppsTests.xctest */;
			productType = "com.apple.product-type.bundle.unit-test";
		};
		AED5917127B651C6006EA3CB /* BlogAppsUITests */ = {
			isa = PBXNativeTarget;
			buildConfigurationList = AED5918127B651C6006EA3CB /* Build configuration list for PBXNativeTarget "BlogAppsUITests" */;
			buildPhases = (
				EFB1175ECBBE96C37CB68340 /* [CP] Check Pods Manifest.lock */,
				AED5916E27B651C6006EA3CB /* Sources */,
				AED5916F27B651C6006EA3CB /* Frameworks */,
				AED5917027B651C6006EA3CB /* Resources */,
			);
			buildRules = (
			);
			dependencies = (
				AED5917427B651C6006EA3CB /* PBXTargetDependency */,
			);
			name = BlogAppsUITests;
			productName = BlogAppsUITests;
			productReference = AED5917227B651C6006EA3CB /* BlogAppsUITests.xctest */;
			productType = "com.apple.product-type.bundle.ui-testing";
		};
/* End PBXNativeTarget section */

/* Begin PBXProject section */
		AED5914927B651C3006EA3CB /* Project object */ = {
			isa = PBXProject;
			attributes = {
				LastSwiftUpdateCheck = 1200;
				LastUpgradeCheck = 1200;
				TargetAttributes = {
					AED5915027B651C3006EA3CB = {
						CreatedOnToolsVersion = 12.0.1;
					};
					AED5916627B651C6006EA3CB = {
						CreatedOnToolsVersion = 12.0.1;
						TestTargetID = AED5915027B651C3006EA3CB;
					};
					AED5917127B651C6006EA3CB = {
						CreatedOnToolsVersion = 12.0.1;
						TestTargetID = AED5915027B651C3006EA3CB;
					};
				};
			};
			buildConfigurationList = AED5914C27B651C3006EA3CB /* Build configuration list for PBXProject "BlogApps" */;
			compatibilityVersion = "Xcode 9.3";
			developmentRegion = en;
			hasScannedForEncodings = 0;
			knownRegions = (
				en,
				Base,
			);
			mainGroup = AED5914827B651C3006EA3CB;
			productRefGroup = AED5915227B651C3006EA3CB /* Products */;
			projectDirPath = "";
			projectRoot = "";
			targets = (
				AED5915027B651C3006EA3CB /* BlogApps */,
				AED5916627B651C6006EA3CB /* BlogAppsTests */,
				AED5917127B651C6006EA3CB /* BlogAppsUITests */,
			);
		};
/* End PBXProject section */

/* Begin PBXResourcesBuildPhase section */
		AED5914F27B651C3006EA3CB /* Resources */ = {
			isa = PBXResourcesBuildPhase;
			buildActionMask = 2147483647;
			files = (
				AED5916127B651C6006EA3CB /* LaunchScreen.storyboard in Resources */,
				AED5919527B658B2006EA3CB /* ListPostViewController.xib in Resources */,
				AED5915E27B651C6006EA3CB /* Assets.xcassets in Resources */,
				AE2A255F27B7900800D87FD9 /* BlogPostTableViewCell.xib in Resources */,
			);
			runOnlyForDeploymentPostprocessing = 0;
		};
		AED5916527B651C6006EA3CB /* Resources */ = {
			isa = PBXResourcesBuildPhase;
			buildActionMask = 2147483647;
			files = (
			);
			runOnlyForDeploymentPostprocessing = 0;
		};
		AED5917027B651C6006EA3CB /* Resources */ = {
			isa = PBXResourcesBuildPhase;
			buildActionMask = 2147483647;
			files = (
			);
			runOnlyForDeploymentPostprocessing = 0;
		};
/* End PBXResourcesBuildPhase section */

/* Begin PBXShellScriptBuildPhase section */
		597E1AE0B6DD186F8EE9E710 /* [CP] Embed Pods Frameworks */ = {
			isa = PBXShellScriptBuildPhase;
			buildActionMask = 2147483647;
			files = (
			);
			inputPaths = (
				"${SRCROOT}/Pods/Target Support Files/Pods-BlogApps/Pods-BlogApps-frameworks.sh",
				"${BUILT_PRODUCTS_DIR}/Alamofire/Alamofire.framework",
				"${BUILT_PRODUCTS_DIR}/Moya/Moya.framework",
				"${BUILT_PRODUCTS_DIR}/ObjectMapper/ObjectMapper.framework",
				"${BUILT_PRODUCTS_DIR}/RxCocoa/RxCocoa.framework",
				"${BUILT_PRODUCTS_DIR}/RxRelay/RxRelay.framework",
				"${BUILT_PRODUCTS_DIR}/RxSwift/RxSwift.framework",
				"${BUILT_PRODUCTS_DIR}/SVProgressHUD/SVProgressHUD.framework",
				"${BUILT_PRODUCTS_DIR}/netfox/netfox.framework",
			);
			name = "[CP] Embed Pods Frameworks";
			outputPaths = (
				"${TARGET_BUILD_DIR}/${FRAMEWORKS_FOLDER_PATH}/Alamofire.framework",
				"${TARGET_BUILD_DIR}/${FRAMEWORKS_FOLDER_PATH}/Moya.framework",
				"${TARGET_BUILD_DIR}/${FRAMEWORKS_FOLDER_PATH}/ObjectMapper.framework",
				"${TARGET_BUILD_DIR}/${FRAMEWORKS_FOLDER_PATH}/RxCocoa.framework",
				"${TARGET_BUILD_DIR}/${FRAMEWORKS_FOLDER_PATH}/RxRelay.framework",
				"${TARGET_BUILD_DIR}/${FRAMEWORKS_FOLDER_PATH}/RxSwift.framework",
				"${TARGET_BUILD_DIR}/${FRAMEWORKS_FOLDER_PATH}/SVProgressHUD.framework",
				"${TARGET_BUILD_DIR}/${FRAMEWORKS_FOLDER_PATH}/netfox.framework",
			);
			runOnlyForDeploymentPostprocessing = 0;
			shellPath = /bin/sh;
			shellScript = "\"${SRCROOT}/Pods/Target Support Files/Pods-BlogApps/Pods-BlogApps-frameworks.sh\"\n";
			showEnvVarsInLog = 0;
		};
		7611041CAD5A70EC63CC28C3 /* [CP] Check Pods Manifest.lock */ = {
			isa = PBXShellScriptBuildPhase;
			buildActionMask = 2147483647;
			files = (
			);
			inputPaths = (
				"${PODS_PODFILE_DIR_PATH}/Podfile.lock",
				"${PODS_ROOT}/Manifest.lock",
			);
			name = "[CP] Check Pods Manifest.lock";
			outputPaths = (
				"$(DERIVED_FILE_DIR)/Pods-BlogAppsTests-checkManifestLockResult.txt",
			);
			runOnlyForDeploymentPostprocessing = 0;
			shellPath = /bin/sh;
			shellScript = "diff \"${PODS_PODFILE_DIR_PATH}/Podfile.lock\" \"${PODS_ROOT}/Manifest.lock\" > /dev/null\nif [ $? != 0 ] ; then\n    # print error to STDERR\n    echo \"error: The sandbox is not in sync with the Podfile.lock. Run 'pod install' or update your CocoaPods installation.\" >&2\n    exit 1\nfi\n# This output is used by Xcode 'outputs' to avoid re-running this script phase.\necho \"SUCCESS\" > \"${SCRIPT_OUTPUT_FILE_0}\"\n";
			showEnvVarsInLog = 0;
		};
		E4B9F78FFFE659DB1C9AC55C /* [CP] Check Pods Manifest.lock */ = {
			isa = PBXShellScriptBuildPhase;
			buildActionMask = 2147483647;
			files = (
			);
			inputPaths = (
				"${PODS_PODFILE_DIR_PATH}/Podfile.lock",
				"${PODS_ROOT}/Manifest.lock",
			);
			name = "[CP] Check Pods Manifest.lock";
			outputPaths = (
				"$(DERIVED_FILE_DIR)/Pods-BlogApps-checkManifestLockResult.txt",
			);
			runOnlyForDeploymentPostprocessing = 0;
			shellPath = /bin/sh;
			shellScript = "diff \"${PODS_PODFILE_DIR_PATH}/Podfile.lock\" \"${PODS_ROOT}/Manifest.lock\" > /dev/null\nif [ $? != 0 ] ; then\n    # print error to STDERR\n    echo \"error: The sandbox is not in sync with the Podfile.lock. Run 'pod install' or update your CocoaPods installation.\" >&2\n    exit 1\nfi\n# This output is used by Xcode 'outputs' to avoid re-running this script phase.\necho \"SUCCESS\" > \"${SCRIPT_OUTPUT_FILE_0}\"\n";
			showEnvVarsInLog = 0;
		};
		EFB1175ECBBE96C37CB68340 /* [CP] Check Pods Manifest.lock */ = {
			isa = PBXShellScriptBuildPhase;
			buildActionMask = 2147483647;
			files = (
			);
			inputPaths = (
				"${PODS_PODFILE_DIR_PATH}/Podfile.lock",
				"${PODS_ROOT}/Manifest.lock",
			);
			name = "[CP] Check Pods Manifest.lock";
			outputPaths = (
				"$(DERIVED_FILE_DIR)/Pods-BlogAppsUITests-checkManifestLockResult.txt",
			);
			runOnlyForDeploymentPostprocessing = 0;
			shellPath = /bin/sh;
			shellScript = "diff \"${PODS_PODFILE_DIR_PATH}/Podfile.lock\" \"${PODS_ROOT}/Manifest.lock\" > /dev/null\nif [ $? != 0 ] ; then\n    # print error to STDERR\n    echo \"error: The sandbox is not in sync with the Podfile.lock. Run 'pod install' or update your CocoaPods installation.\" >&2\n    exit 1\nfi\n# This output is used by Xcode 'outputs' to avoid re-running this script phase.\necho \"SUCCESS\" > \"${SCRIPT_OUTPUT_FILE_0}\"\n";
			showEnvVarsInLog = 0;
		};
/* End PBXShellScriptBuildPhase section */

/* Begin PBXSourcesBuildPhase section */
		AED5914D27B651C3006EA3CB /* Sources */ = {
			isa = PBXSourcesBuildPhase;
			buildActionMask = 2147483647;
			files = (
				AED5922327B74066006EA3CB /* Observable.swift in Sources */,
				AED5920D27B6B046006EA3CB /* MoyaProvider.swift in Sources */,
				AED591A927B65A71006EA3CB /* BlogPostMoyaTarget.swift in Sources */,
				AE2A255E27B7900800D87FD9 /* BlogPostTableViewCell.swift in Sources */,
				AED591F927B6AB76006EA3CB /* BlogPostNetworkModel.swift in Sources */,
				AED5922827B740BD006EA3CB /* OptionalType.swift in Sources */,
				AED5915927B651C3006EA3CB /* ViewController.swift in Sources */,
				AED5924727B748F4006EA3CB /* ResponseData.swift in Sources */,
				AED591EC27B6AA32006EA3CB /* Post.swift in Sources */,
				AED591F127B6AAE2006EA3CB /* NewPostParam.swift in Sources */,
				AED5921627B6B080006EA3CB /* RequestManager.swift in Sources */,
				AE2A255527B788E300D87FD9 /* ReusableView.swift in Sources */,
				AED5919427B658B2006EA3CB /* ListPostViewController.swift in Sources */,
				AED5921E27B6B10D006EA3CB /* NetworkError.swift in Sources */,
				AED5920127B6AD44006EA3CB /* BlogPostDefaultNetworkModel.swift in Sources */,
				AED5915527B651C3006EA3CB /* AppDelegate.swift in Sources */,
			);
			runOnlyForDeploymentPostprocessing = 0;
		};
		AED5916327B651C6006EA3CB /* Sources */ = {
			isa = PBXSourcesBuildPhase;
			buildActionMask = 2147483647;
			files = (
				AED5916C27B651C6006EA3CB /* BlogAppsTests.swift in Sources */,
			);
			runOnlyForDeploymentPostprocessing = 0;
		};
		AED5916E27B651C6006EA3CB /* Sources */ = {
			isa = PBXSourcesBuildPhase;
			buildActionMask = 2147483647;
			files = (
				AED5917727B651C6006EA3CB /* BlogAppsUITests.swift in Sources */,
			);
			runOnlyForDeploymentPostprocessing = 0;
		};
/* End PBXSourcesBuildPhase section */

/* Begin PBXTargetDependency section */
		AED5916927B651C6006EA3CB /* PBXTargetDependency */ = {
			isa = PBXTargetDependency;
			target = AED5915027B651C3006EA3CB /* BlogApps */;
			targetProxy = AED5916827B651C6006EA3CB /* PBXContainerItemProxy */;
		};
		AED5917427B651C6006EA3CB /* PBXTargetDependency */ = {
			isa = PBXTargetDependency;
			target = AED5915027B651C3006EA3CB /* BlogApps */;
			targetProxy = AED5917327B651C6006EA3CB /* PBXContainerItemProxy */;
		};
/* End PBXTargetDependency section */

/* Begin PBXVariantGroup section */
		AED5915F27B651C6006EA3CB /* LaunchScreen.storyboard */ = {
			isa = PBXVariantGroup;
			children = (
				AED5916027B651C6006EA3CB /* Base */,
			);
			name = LaunchScreen.storyboard;
			sourceTree = "<group>";
		};
/* End PBXVariantGroup section */

/* Begin XCBuildConfiguration section */
		AED5917927B651C6006EA3CB /* Debug */ = {
			isa = XCBuildConfiguration;
			buildSettings = {
				ALWAYS_SEARCH_USER_PATHS = NO;
				CLANG_ANALYZER_NONNULL = YES;
				CLANG_ANALYZER_NUMBER_OBJECT_CONVERSION = YES_AGGRESSIVE;
				CLANG_CXX_LANGUAGE_STANDARD = "gnu++14";
				CLANG_CXX_LIBRARY = "libc++";
				CLANG_ENABLE_MODULES = YES;
				CLANG_ENABLE_OBJC_ARC = YES;
				CLANG_ENABLE_OBJC_WEAK = YES;
				CLANG_WARN_BLOCK_CAPTURE_AUTORELEASING = YES;
				CLANG_WARN_BOOL_CONVERSION = YES;
				CLANG_WARN_COMMA = YES;
				CLANG_WARN_CONSTANT_CONVERSION = YES;
				CLANG_WARN_DEPRECATED_OBJC_IMPLEMENTATIONS = YES;
				CLANG_WARN_DIRECT_OBJC_ISA_USAGE = YES_ERROR;
				CLANG_WARN_DOCUMENTATION_COMMENTS = YES;
				CLANG_WARN_EMPTY_BODY = YES;
				CLANG_WARN_ENUM_CONVERSION = YES;
				CLANG_WARN_INFINITE_RECURSION = YES;
				CLANG_WARN_INT_CONVERSION = YES;
				CLANG_WARN_NON_LITERAL_NULL_CONVERSION = YES;
				CLANG_WARN_OBJC_IMPLICIT_RETAIN_SELF = YES;
				CLANG_WARN_OBJC_LITERAL_CONVERSION = YES;
				CLANG_WARN_OBJC_ROOT_CLASS = YES_ERROR;
				CLANG_WARN_QUOTED_INCLUDE_IN_FRAMEWORK_HEADER = YES;
				CLANG_WARN_RANGE_LOOP_ANALYSIS = YES;
				CLANG_WARN_STRICT_PROTOTYPES = YES;
				CLANG_WARN_SUSPICIOUS_MOVE = YES;
				CLANG_WARN_UNGUARDED_AVAILABILITY = YES_AGGRESSIVE;
				CLANG_WARN_UNREACHABLE_CODE = YES;
				CLANG_WARN__DUPLICATE_METHOD_MATCH = YES;
				COPY_PHASE_STRIP = NO;
				DEBUG_INFORMATION_FORMAT = dwarf;
				ENABLE_STRICT_OBJC_MSGSEND = YES;
				ENABLE_TESTABILITY = YES;
				GCC_C_LANGUAGE_STANDARD = gnu11;
				GCC_DYNAMIC_NO_PIC = NO;
				GCC_NO_COMMON_BLOCKS = YES;
				GCC_OPTIMIZATION_LEVEL = 0;
				GCC_PREPROCESSOR_DEFINITIONS = (
					"DEBUG=1",
					"$(inherited)",
				);
				GCC_WARN_64_TO_32_BIT_CONVERSION = YES;
				GCC_WARN_ABOUT_RETURN_TYPE = YES_ERROR;
				GCC_WARN_UNDECLARED_SELECTOR = YES;
				GCC_WARN_UNINITIALIZED_AUTOS = YES_AGGRESSIVE;
				GCC_WARN_UNUSED_FUNCTION = YES;
				GCC_WARN_UNUSED_VARIABLE = YES;
				IPHONEOS_DEPLOYMENT_TARGET = 14.0;
				MTL_ENABLE_DEBUG_INFO = INCLUDE_SOURCE;
				MTL_FAST_MATH = YES;
				ONLY_ACTIVE_ARCH = YES;
				SDKROOT = iphoneos;
				SWIFT_ACTIVE_COMPILATION_CONDITIONS = DEBUG;
				SWIFT_OPTIMIZATION_LEVEL = "-Onone";
			};
			name = Debug;
		};
		AED5917A27B651C6006EA3CB /* Release */ = {
			isa = XCBuildConfiguration;
			buildSettings = {
				ALWAYS_SEARCH_USER_PATHS = NO;
				CLANG_ANALYZER_NONNULL = YES;
				CLANG_ANALYZER_NUMBER_OBJECT_CONVERSION = YES_AGGRESSIVE;
				CLANG_CXX_LANGUAGE_STANDARD = "gnu++14";
				CLANG_CXX_LIBRARY = "libc++";
				CLANG_ENABLE_MODULES = YES;
				CLANG_ENABLE_OBJC_ARC = YES;
				CLANG_ENABLE_OBJC_WEAK = YES;
				CLANG_WARN_BLOCK_CAPTURE_AUTORELEASING = YES;
				CLANG_WARN_BOOL_CONVERSION = YES;
				CLANG_WARN_COMMA = YES;
				CLANG_WARN_CONSTANT_CONVERSION = YES;
				CLANG_WARN_DEPRECATED_OBJC_IMPLEMENTATIONS = YES;
				CLANG_WARN_DIRECT_OBJC_ISA_USAGE = YES_ERROR;
				CLANG_WARN_DOCUMENTATION_COMMENTS = YES;
				CLANG_WARN_EMPTY_BODY = YES;
				CLANG_WARN_ENUM_CONVERSION = YES;
				CLANG_WARN_INFINITE_RECURSION = YES;
				CLANG_WARN_INT_CONVERSION = YES;
				CLANG_WARN_NON_LITERAL_NULL_CONVERSION = YES;
				CLANG_WARN_OBJC_IMPLICIT_RETAIN_SELF = YES;
				CLANG_WARN_OBJC_LITERAL_CONVERSION = YES;
				CLANG_WARN_OBJC_ROOT_CLASS = YES_ERROR;
				CLANG_WARN_QUOTED_INCLUDE_IN_FRAMEWORK_HEADER = YES;
				CLANG_WARN_RANGE_LOOP_ANALYSIS = YES;
				CLANG_WARN_STRICT_PROTOTYPES = YES;
				CLANG_WARN_SUSPICIOUS_MOVE = YES;
				CLANG_WARN_UNGUARDED_AVAILABILITY = YES_AGGRESSIVE;
				CLANG_WARN_UNREACHABLE_CODE = YES;
				CLANG_WARN__DUPLICATE_METHOD_MATCH = YES;
				COPY_PHASE_STRIP = NO;
				DEBUG_INFORMATION_FORMAT = "dwarf-with-dsym";
				ENABLE_NS_ASSERTIONS = NO;
				ENABLE_STRICT_OBJC_MSGSEND = YES;
				GCC_C_LANGUAGE_STANDARD = gnu11;
				GCC_NO_COMMON_BLOCKS = YES;
				GCC_WARN_64_TO_32_BIT_CONVERSION = YES;
				GCC_WARN_ABOUT_RETURN_TYPE = YES_ERROR;
				GCC_WARN_UNDECLARED_SELECTOR = YES;
				GCC_WARN_UNINITIALIZED_AUTOS = YES_AGGRESSIVE;
				GCC_WARN_UNUSED_FUNCTION = YES;
				GCC_WARN_UNUSED_VARIABLE = YES;
				IPHONEOS_DEPLOYMENT_TARGET = 14.0;
				MTL_ENABLE_DEBUG_INFO = NO;
				MTL_FAST_MATH = YES;
				SDKROOT = iphoneos;
				SWIFT_COMPILATION_MODE = wholemodule;
				SWIFT_OPTIMIZATION_LEVEL = "-O";
				VALIDATE_PRODUCT = YES;
			};
			name = Release;
		};
		AED5917C27B651C6006EA3CB /* Debug */ = {
			isa = XCBuildConfiguration;
			baseConfigurationReference = 6DA4EC475FF013096806C2F6 /* Pods-BlogApps.debug.xcconfig */;
			buildSettings = {
				ASSETCATALOG_COMPILER_APPICON_NAME = AppIcon;
				ASSETCATALOG_COMPILER_GLOBAL_ACCENT_COLOR_NAME = AccentColor;
				CODE_SIGN_STYLE = Automatic;
				DEVELOPMENT_TEAM = 8E7PKVL8J5;
				INFOPLIST_FILE = BlogApps/Info.plist;
				LD_RUNPATH_SEARCH_PATHS = (
					"$(inherited)",
					"@executable_path/Frameworks",
				);
				PRODUCT_BUNDLE_IDENTIFIER = com.laluhilman.blogApps.BlogApps;
				PRODUCT_NAME = "$(TARGET_NAME)";
				SWIFT_VERSION = 5.0;
				TARGETED_DEVICE_FAMILY = "1,2";
			};
			name = Debug;
		};
		AED5917D27B651C6006EA3CB /* Release */ = {
			isa = XCBuildConfiguration;
			baseConfigurationReference = A14F26CAD8E5C93166F271A6 /* Pods-BlogApps.release.xcconfig */;
			buildSettings = {
				ASSETCATALOG_COMPILER_APPICON_NAME = AppIcon;
				ASSETCATALOG_COMPILER_GLOBAL_ACCENT_COLOR_NAME = AccentColor;
				CODE_SIGN_STYLE = Automatic;
				DEVELOPMENT_TEAM = 8E7PKVL8J5;
				INFOPLIST_FILE = BlogApps/Info.plist;
				LD_RUNPATH_SEARCH_PATHS = (
					"$(inherited)",
					"@executable_path/Frameworks",
				);
				PRODUCT_BUNDLE_IDENTIFIER = com.laluhilman.blogApps.BlogApps;
				PRODUCT_NAME = "$(TARGET_NAME)";
				SWIFT_VERSION = 5.0;
				TARGETED_DEVICE_FAMILY = "1,2";
			};
			name = Release;
		};
		AED5917F27B651C6006EA3CB /* Debug */ = {
			isa = XCBuildConfiguration;
			baseConfigurationReference = D16C7849DEE3F1700B97E9B7 /* Pods-BlogAppsTests.debug.xcconfig */;
			buildSettings = {
				ALWAYS_EMBED_SWIFT_STANDARD_LIBRARIES = YES;
				BUNDLE_LOADER = "$(TEST_HOST)";
				CODE_SIGN_STYLE = Automatic;
				DEVELOPMENT_TEAM = 8E7PKVL8J5;
				INFOPLIST_FILE = BlogAppsTests/Info.plist;
				IPHONEOS_DEPLOYMENT_TARGET = 14.0;
				LD_RUNPATH_SEARCH_PATHS = (
					"$(inherited)",
					"@executable_path/Frameworks",
					"@loader_path/Frameworks",
				);
				PRODUCT_BUNDLE_IDENTIFIER = com.laluhilman.blogApps.BlogAppsTests;
				PRODUCT_NAME = "$(TARGET_NAME)";
				SWIFT_VERSION = 5.0;
				TARGETED_DEVICE_FAMILY = "1,2";
				TEST_HOST = "$(BUILT_PRODUCTS_DIR)/BlogApps.app/BlogApps";
			};
			name = Debug;
		};
		AED5918027B651C6006EA3CB /* Release */ = {
			isa = XCBuildConfiguration;
			baseConfigurationReference = 07723E502FDCE99502D98D1C /* Pods-BlogAppsTests.release.xcconfig */;
			buildSettings = {
				ALWAYS_EMBED_SWIFT_STANDARD_LIBRARIES = YES;
				BUNDLE_LOADER = "$(TEST_HOST)";
				CODE_SIGN_STYLE = Automatic;
				DEVELOPMENT_TEAM = 8E7PKVL8J5;
				INFOPLIST_FILE = BlogAppsTests/Info.plist;
				IPHONEOS_DEPLOYMENT_TARGET = 14.0;
				LD_RUNPATH_SEARCH_PATHS = (
					"$(inherited)",
					"@executable_path/Frameworks",
					"@loader_path/Frameworks",
				);
				PRODUCT_BUNDLE_IDENTIFIER = com.laluhilman.blogApps.BlogAppsTests;
				PRODUCT_NAME = "$(TARGET_NAME)";
				SWIFT_VERSION = 5.0;
				TARGETED_DEVICE_FAMILY = "1,2";
				TEST_HOST = "$(BUILT_PRODUCTS_DIR)/BlogApps.app/BlogApps";
			};
			name = Release;
		};
		AED5918227B651C6006EA3CB /* Debug */ = {
			isa = XCBuildConfiguration;
			baseConfigurationReference = E5B68298E81A75F4D5EB0D95 /* Pods-BlogAppsUITests.debug.xcconfig */;
			buildSettings = {
				ALWAYS_EMBED_SWIFT_STANDARD_LIBRARIES = YES;
				CODE_SIGN_STYLE = Automatic;
				DEVELOPMENT_TEAM = 8E7PKVL8J5;
				INFOPLIST_FILE = BlogAppsUITests/Info.plist;
				LD_RUNPATH_SEARCH_PATHS = (
					"$(inherited)",
					"@executable_path/Frameworks",
					"@loader_path/Frameworks",
				);
				PRODUCT_BUNDLE_IDENTIFIER = com.laluhilman.blogApps.BlogAppsUITests;
				PRODUCT_NAME = "$(TARGET_NAME)";
				SWIFT_VERSION = 5.0;
				TARGETED_DEVICE_FAMILY = "1,2";
				TEST_TARGET_NAME = BlogApps;
			};
			name = Debug;
		};
		AED5918327B651C6006EA3CB /* Release */ = {
			isa = XCBuildConfiguration;
			baseConfigurationReference = 781C5745042F3DBE0E02B22A /* Pods-BlogAppsUITests.release.xcconfig */;
			buildSettings = {
				ALWAYS_EMBED_SWIFT_STANDARD_LIBRARIES = YES;
				CODE_SIGN_STYLE = Automatic;
				DEVELOPMENT_TEAM = 8E7PKVL8J5;
				INFOPLIST_FILE = BlogAppsUITests/Info.plist;
				LD_RUNPATH_SEARCH_PATHS = (
					"$(inherited)",
					"@executable_path/Frameworks",
					"@loader_path/Frameworks",
				);
				PRODUCT_BUNDLE_IDENTIFIER = com.laluhilman.blogApps.BlogAppsUITests;
				PRODUCT_NAME = "$(TARGET_NAME)";
				SWIFT_VERSION = 5.0;
				TARGETED_DEVICE_FAMILY = "1,2";
				TEST_TARGET_NAME = BlogApps;
			};
			name = Release;
		};
/* End XCBuildConfiguration section */

/* Begin XCConfigurationList section */
		AED5914C27B651C3006EA3CB /* Build configuration list for PBXProject "BlogApps" */ = {
			isa = XCConfigurationList;
			buildConfigurations = (
				AED5917927B651C6006EA3CB /* Debug */,
				AED5917A27B651C6006EA3CB /* Release */,
			);
			defaultConfigurationIsVisible = 0;
			defaultConfigurationName = Release;
		};
		AED5917B27B651C6006EA3CB /* Build configuration list for PBXNativeTarget "BlogApps" */ = {
			isa = XCConfigurationList;
			buildConfigurations = (
				AED5917C27B651C6006EA3CB /* Debug */,
				AED5917D27B651C6006EA3CB /* Release */,
			);
			defaultConfigurationIsVisible = 0;
			defaultConfigurationName = Release;
		};
		AED5917E27B651C6006EA3CB /* Build configuration list for PBXNativeTarget "BlogAppsTests" */ = {
			isa = XCConfigurationList;
			buildConfigurations = (
				AED5917F27B651C6006EA3CB /* Debug */,
				AED5918027B651C6006EA3CB /* Release */,
			);
			defaultConfigurationIsVisible = 0;
			defaultConfigurationName = Release;
		};
		AED5918127B651C6006EA3CB /* Build configuration list for PBXNativeTarget "BlogAppsUITests" */ = {
			isa = XCConfigurationList;
			buildConfigurations = (
				AED5918227B651C6006EA3CB /* Debug */,
				AED5918327B651C6006EA3CB /* Release */,
			);
			defaultConfigurationIsVisible = 0;
			defaultConfigurationName = Release;
		};
/* End XCConfigurationList section */
	};
	rootObject = AED5914927B651C3006EA3CB /* Project object */;
}
